
Microsoft Visual Studio Solution File, Format Version 12.00
# Visual Studio Version 17
VisualStudioVersion = 17.14.36414.22 d17.14
MinimumVisualStudioVersion = 10.0.40219.1
Project("{FAE04EC0-301F-11D3-BF4B-00C04F79EFBC}") = "universal-payment-platform", "universal-payment-platform\universal-payment-platform.csproj", "{6E03F50A-B191-4106-A443-7EA1D699E5C2}"
EndProject
Global
	GlobalSection(SolutionConfigurationPlatforms) = preSolution
		Debug|Any CPU = Debug|Any CPU
		Release|Any CPU = Release|Any CPU
	EndGlobalSection
	GlobalSection(ProjectConfigurationPlatforms) = postSolution
		{6E03F50A-B191-4106-A443-7EA1D699E5C2}.Debug|Any CPU.ActiveCfg = Debug|Any CPU
		{6E03F50A-B191-4106-A443-7EA1D699E5C2}.Debug|Any CPU.Build.0 = Debug|Any CPU
		{6E03F50A-B191-4106-A443-7EA1D699E5C2}.Release|Any CPU.ActiveCfg = Release|Any CPU
		{6E03F50A-B191-4106-A443-7EA1D699E5C2}.Release|Any CPU.Build.0 = Release|Any CPU
	EndGlobalSection
	GlobalSection(SolutionProperties) = preSolution
		HideSolutionNode = FALSE
	EndGlobalSection
	GlobalSection(ExtensibilityGlobals) = postSolution
		SolutionGuid = {2CC45F67-317A-4AFF-A191-6F8600569583}
	EndGlobalSection
EndGlobal
